
Microsoft Visual Studio Solution File, Format Version 12.00
# Visual Studio 15
VisualStudioVersion = 15.0.27703.2042
MinimumVisualStudioVersion = 10.0.40219.1
Project("{8BC9CEB8-8B4A-11D0-8D11-00A0C91BC942}") = "mazelib", "mazelib\mazelib.vcxproj", "{091A7897-81B2-4998-9E7E-892045B54AB3}"
EndProject
Project("{8BC9CEB8-8B4A-11D0-8D11-00A0C91BC942}") = "test", "test\test.vcxproj", "{C0571426-419C-4AEC-933D-46FD748F1A16}"
EndProject
Project("{8BC9CEB8-8B4A-11D0-8D11-00A0C91BC942}") = "maze", "maze\maze.vcxproj", "{385471A0-54FC-4A1A-B972-F4D8BA3BA54E}"
	ProjectSection(ProjectDependencies) = postProject
		{091A7897-81B2-4998-9E7E-892045B54AB3} = {091A7897-81B2-4998-9E7E-892045B54AB3}
	EndProjectSection
EndProject
Project("{2150E333-8FDC-42A3-9474-1A3956D46DE8}") = "Solution Items", "Solution Items", "{3A783A8F-DF2D-4B07-ADCA-7559EC8B95F1}"
	ProjectSection(SolutionItems) = preProject
		README.md = README.md
	EndProjectSection
EndProject
Global
	GlobalSection(SolutionConfigurationPlatforms) = preSolution
		Debug|x64 = Debug|x64
		Debug|x86 = Debug|x86
		Release|x64 = Release|x64
		Release|x86 = Release|x86
	EndGlobalSection
	GlobalSection(ProjectConfigurationPlatforms) = postSolution
		{091A7897-81B2-4998-9E7E-892045B54AB3}.Debug|x64.ActiveCfg = Debug|x64
		{091A7897-81B2-4998-9E7E-892045B54AB3}.Debug|x64.Build.0 = Debug|x64
		{091A7897-81B2-4998-9E7E-892045B54AB3}.Debug|x86.ActiveCfg = Debug|Win32
		{091A7897-81B2-4998-9E7E-892045B54AB3}.Debug|x86.Build.0 = Debug|Win32
		{091A7897-81B2-4998-9E7E-892045B54AB3}.Release|x64.ActiveCfg = Debug|x64
		{091A7897-81B2-4998-9E7E-892045B54AB3}.Release|x64.Build.0 = Debug|x64
		{091A7897-81B2-4998-9E7E-892045B54AB3}.Release|x86.ActiveCfg = Release|Win32
		{091A7897-81B2-4998-9E7E-892045B54AB3}.Release|x86.Build.0 = Release|Win32
		{C0571426-419C-4AEC-933D-46FD748F1A16}.Debug|x64.ActiveCfg = Debug|x64
		{C0571426-419C-4AEC-933D-46FD748F1A16}.Debug|x64.Build.0 = Debug|x64
		{C0571426-419C-4AEC-933D-46FD748F1A16}.Debug|x86.ActiveCfg = Debug|Win32
		{C0571426-419C-4AEC-933D-46FD748F1A16}.Debug|x86.Build.0 = Debug|Win32
		{C0571426-419C-4AEC-933D-46FD748F1A16}.Release|x64.ActiveCfg = Debug|x64
		{C0571426-419C-4AEC-933D-46FD748F1A16}.Release|x64.Build.0 = Debug|x64
		{C0571426-419C-4AEC-933D-46FD748F1A16}.Release|x86.ActiveCfg = Release|Win32
		{C0571426-419C-4AEC-933D-46FD748F1A16}.Release|x86.Build.0 = Release|Win32
		{385471A0-54FC-4A1A-B972-F4D8BA3BA54E}.Debug|x64.ActiveCfg = Debug|x64
		{385471A0-54FC-4A1A-B972-F4D8BA3BA54E}.Debug|x64.Build.0 = Debug|x64
		{385471A0-54FC-4A1A-B972-F4D8BA3BA54E}.Debug|x86.ActiveCfg = Debug|Win32
		{385471A0-54FC-4A1A-B972-F4D8BA3BA54E}.Debug|x86.Build.0 = Debug|Win32
		{385471A0-54FC-4A1A-B972-F4D8BA3BA54E}.Release|x64.ActiveCfg = Debug|x64
		{385471A0-54FC-4A1A-B972-F4D8BA3BA54E}.Release|x64.Build.0 = Debug|x64
		{385471A0-54FC-4A1A-B972-F4D8BA3BA54E}.Release|x86.ActiveCfg = Release|Win32
		{385471A0-54FC-4A1A-B972-F4D8BA3BA54E}.Release|x86.Build.0 = Release|Win32
	EndGlobalSection
	GlobalSection(SolutionProperties) = preSolution
		HideSolutionNode = FALSE
	EndGlobalSection
	GlobalSection(ExtensibilityGlobals) = postSolution
		SolutionGuid = {066B90B1-B4E4-468A-A442-C321E84DAADD}
	EndGlobalSection
EndGlobal
